
Microsoft Visual Studio Solution File, Format Version 12.00
# Visual Studio 15
VisualStudioVersion = 15.0.28307.421
MinimumVisualStudioVersion = 10.0.40219.1
Project("{FAE04EC0-301F-11D3-BF4B-00C04F79EFBC}") = "Sales.Android", "Sales\Sales.Android\Sales.Android.csproj", "{7802FD86-3C56-494E-B38F-56602FD179B3}"
EndProject
Project("{FAE04EC0-301F-11D3-BF4B-00C04F79EFBC}") = "Sales.iOS", "Sales\Sales.iOS\Sales.iOS.csproj", "{D038ABCD-2F80-40E7-98F0-59E1F95EB142}"
EndProject
Project("{FAE04EC0-301F-11D3-BF4B-00C04F79EFBC}") = "Sales", "Sales\Sales\Sales.csproj", "{8903BCE6-FC93-4479-BD2D-5D9334E47111}"
EndProject
Global
	GlobalSection(SolutionConfigurationPlatforms) = preSolution
		Ad-Hoc|Any CPU = Ad-Hoc|Any CPU
		Ad-Hoc|iPhone = Ad-Hoc|iPhone
		Ad-Hoc|iPhoneSimulator = Ad-Hoc|iPhoneSimulator
		AppStore|Any CPU = AppStore|Any CPU
		AppStore|iPhone = AppStore|iPhone
		AppStore|iPhoneSimulator = AppStore|iPhoneSimulator
		Debug|Any CPU = Debug|Any CPU
		Debug|iPhone = Debug|iPhone
		Debug|iPhoneSimulator = Debug|iPhoneSimulator
		Release|Any CPU = Release|Any CPU
		Release|iPhone = Release|iPhone
		Release|iPhoneSimulator = Release|iPhoneSimulator
	EndGlobalSection
	GlobalSection(ProjectConfigurationPlatforms) = postSolution
		{7802FD86-3C56-494E-B38F-56602FD179B3}.Ad-Hoc|Any CPU.ActiveCfg = Release|Any CPU
		{7802FD86-3C56-494E-B38F-56602FD179B3}.Ad-Hoc|Any CPU.Build.0 = Release|Any CPU
		{7802FD86-3C56-494E-B38F-56602FD179B3}.Ad-Hoc|Any CPU.Deploy.0 = Release|Any CPU
		{7802FD86-3C56-494E-B38F-56602FD179B3}.Ad-Hoc|iPhone.ActiveCfg = Release|Any CPU
		{7802FD86-3C56-494E-B38F-56602FD179B3}.Ad-Hoc|iPhone.Build.0 = Release|Any CPU
		{7802FD86-3C56-494E-B38F-56602FD179B3}.Ad-Hoc|iPhone.Deploy.0 = Release|Any CPU
		{7802FD86-3C56-494E-B38F-56602FD179B3}.Ad-Hoc|iPhoneSimulator.ActiveCfg = Release|Any CPU
		{7802FD86-3C56-494E-B38F-56602FD179B3}.Ad-Hoc|iPhoneSimulator.Build.0 = Release|Any CPU
		{7802FD86-3C56-494E-B38F-56602FD179B3}.Ad-Hoc|iPhoneSimulator.Deploy.0 = Release|Any CPU
		{7802FD86-3C56-494E-B38F-56602FD179B3}.AppStore|Any CPU.ActiveCfg = Release|Any CPU
		{7802FD86-3C56-494E-B38F-56602FD179B3}.AppStore|Any CPU.Build.0 = Release|Any CPU
		{7802FD86-3C56-494E-B38F-56602FD179B3}.AppStore|Any CPU.Deploy.0 = Release|Any CPU
		{7802FD86-3C56-494E-B38F-56602FD179B3}.AppStore|iPhone.ActiveCfg = Release|Any CPU
		{7802FD86-3C56-494E-B38F-56602FD179B3}.AppStore|iPhone.Build.0 = Release|Any CPU
		{7802FD86-3C56-494E-B38F-56602FD179B3}.AppStore|iPhone.Deploy.0 = Release|Any CPU
		{7802FD86-3C56-494E-B38F-56602FD179B3}.AppStore|iPhoneSimulator.ActiveCfg = Release|Any CPU
		{7802FD86-3C56-494E-B38F-56602FD179B3}.AppStore|iPhoneSimulator.Build.0 = Release|Any CPU
		{7802FD86-3C56-494E-B38F-56602FD179B3}.AppStore|iPhoneSimulator.Deploy.0 = Release|Any CPU
		{7802FD86-3C56-494E-B38F-56602FD179B3}.Debug|Any CPU.ActiveCfg = Debug|Any CPU
		{7802FD86-3C56-494E-B38F-56602FD179B3}.Debug|Any CPU.Build.0 = Debug|Any CPU
		{7802FD86-3C56-494E-B38F-56602FD179B3}.Debug|Any CPU.Deploy.0 = Debug|Any CPU
		{7802FD86-3C56-494E-B38F-56602FD179B3}.Debug|iPhone.ActiveCfg = Debug|Any CPU
		{7802FD86-3C56-494E-B38F-56602FD179B3}.Debug|iPhone.Build.0 = Debug|Any CPU
		{7802FD86-3C56-494E-B38F-56602FD179B3}.Debug|iPhone.Deploy.0 = Debug|Any CPU
		{7802FD86-3C56-494E-B38F-56602FD179B3}.Debug|iPhoneSimulator.ActiveCfg = Debug|Any CPU
		{7802FD86-3C56-494E-B38F-56602FD179B3}.Debug|iPhoneSimulator.Build.0 = Debug|Any CPU
		{7802FD86-3C56-494E-B38F-56602FD179B3}.Debug|iPhoneSimulator.Deploy.0 = Debug|Any CPU
		{7802FD86-3C56-494E-B38F-56602FD179B3}.Release|Any CPU.ActiveCfg = Release|Any CPU
		{7802FD86-3C56-494E-B38F-56602FD179B3}.Release|Any CPU.Build.0 = Release|Any CPU
		{7802FD86-3C56-494E-B38F-56602FD179B3}.Release|Any CPU.Deploy.0 = Release|Any CPU
		{7802FD86-3C56-494E-B38F-56602FD179B3}.Release|iPhone.ActiveCfg = Release|Any CPU
		{7802FD86-3C56-494E-B38F-56602FD179B3}.Release|iPhone.Build.0 = Release|Any CPU
		{7802FD86-3C56-494E-B38F-56602FD179B3}.Release|iPhone.Deploy.0 = Release|Any CPU
		{7802FD86-3C56-494E-B38F-56602FD179B3}.Release|iPhoneSimulator.ActiveCfg = Release|Any CPU
		{7802FD86-3C56-494E-B38F-56602FD179B3}.Release|iPhoneSimulator.Build.0 = Release|Any CPU
		{7802FD86-3C56-494E-B38F-56602FD179B3}.Release|iPhoneSimulator.Deploy.0 = Release|Any CPU
		{D038ABCD-2F80-40E7-98F0-59E1F95EB142}.Ad-Hoc|Any CPU.ActiveCfg = Ad-Hoc|iPhone
		{D038ABCD-2F80-40E7-98F0-59E1F95EB142}.Ad-Hoc|Any CPU.Build.0 = Ad-Hoc|iPhone
		{D038ABCD-2F80-40E7-98F0-59E1F95EB142}.Ad-Hoc|Any CPU.Deploy.0 = Ad-Hoc|iPhone
		{D038ABCD-2F80-40E7-98F0-59E1F95EB142}.Ad-Hoc|iPhone.ActiveCfg = Ad-Hoc|iPhone
		{D038ABCD-2F80-40E7-98F0-59E1F95EB142}.Ad-Hoc|iPhone.Build.0 = Ad-Hoc|iPhone
		{D038ABCD-2F80-40E7-98F0-59E1F95EB142}.Ad-Hoc|iPhone.Deploy.0 = Ad-Hoc|iPhone
		{D038ABCD-2F80-40E7-98F0-59E1F95EB142}.Ad-Hoc|iPhoneSimulator.ActiveCfg = Ad-Hoc|iPhoneSimulator
		{D038ABCD-2F80-40E7-98F0-59E1F95EB142}.Ad-Hoc|iPhoneSimulator.Build.0 = Ad-Hoc|iPhoneSimulator
		{D038ABCD-2F80-40E7-98F0-59E1F95EB142}.Ad-Hoc|iPhoneSimulator.Deploy.0 = Ad-Hoc|iPhoneSimulator
		{D038ABCD-2F80-40E7-98F0-59E1F95EB142}.AppStore|Any CPU.ActiveCfg = AppStore|iPhone
		{D038ABCD-2F80-40E7-98F0-59E1F95EB142}.AppStore|Any CPU.Build.0 = AppStore|iPhone
		{D038ABCD-2F80-40E7-98F0-59E1F95EB142}.AppStore|Any CPU.Deploy.0 = AppStore|iPhone
		{D038ABCD-2F80-40E7-98F0-59E1F95EB142}.AppStore|iPhone.ActiveCfg = AppStore|iPhone
		{D038ABCD-2F80-40E7-98F0-59E1F95EB142}.AppStore|iPhone.Build.0 = AppStore|iPhone
		{D038ABCD-2F80-40E7-98F0-59E1F95EB142}.AppStore|iPhone.Deploy.0 = AppStore|iPhone
		{D038ABCD-2F80-40E7-98F0-59E1F95EB142}.AppStore|iPhoneSimulator.ActiveCfg = AppStore|iPhoneSimulator
		{D038ABCD-2F80-40E7-98F0-59E1F95EB142}.AppStore|iPhoneSimulator.Build.0 = AppStore|iPhoneSimulator
		{D038ABCD-2F80-40E7-98F0-59E1F95EB142}.AppStore|iPhoneSimulator.Deploy.0 = AppStore|iPhoneSimulator
		{D038ABCD-2F80-40E7-98F0-59E1F95EB142}.Debug|Any CPU.ActiveCfg = Debug|iPhoneSimulator
		{D038ABCD-2F80-40E7-98F0-59E1F95EB142}.Debug|Any CPU.Build.0 = Debug|iPhoneSimulator
		{D038ABCD-2F80-40E7-98F0-59E1F95EB142}.Debug|Any CPU.Deploy.0 = Debug|iPhoneSimulator
		{D038ABCD-2F80-40E7-98F0-59E1F95EB142}.Debug|iPhone.ActiveCfg = Debug|iPhone
		{D038ABCD-2F80-40E7-98F0-59E1F95EB142}.Debug|iPhone.Build.0 = Debug|iPhone
		{D038ABCD-2F80-40E7-98F0-59E1F95EB142}.Debug|iPhone.Deploy.0 = Debug|iPhone
		{D038ABCD-2F80-40E7-98F0-59E1F95EB142}.Debug|iPhoneSimulator.ActiveCfg = Debug|iPhoneSimulator
		{D038ABCD-2F80-40E7-98F0-59E1F95EB142}.Debug|iPhoneSimulator.Build.0 = Debug|iPhoneSimulator
		{D038ABCD-2F80-40E7-98F0-59E1F95EB142}.Debug|iPhoneSimulator.Deploy.0 = Debug|iPhoneSimulator
		{D038ABCD-2F80-40E7-98F0-59E1F95EB142}.Release|Any CPU.ActiveCfg = Release|iPhone
		{D038ABCD-2F80-40E7-98F0-59E1F95EB142}.Release|Any CPU.Build.0 = Release|iPhone
		{D038ABCD-2F80-40E7-98F0-59E1F95EB142}.Release|Any CPU.Deploy.0 = Release|iPhone
		{D038ABCD-2F80-40E7-98F0-59E1F95EB142}.Release|iPhone.ActiveCfg = Release|iPhone
		{D038ABCD-2F80-40E7-98F0-59E1F95EB142}.Release|iPhone.Build.0 = Release|iPhone
		{D038ABCD-2F80-40E7-98F0-59E1F95EB142}.Release|iPhone.Deploy.0 = Release|iPhone
		{D038ABCD-2F80-40E7-98F0-59E1F95EB142}.Release|iPhoneSimulator.ActiveCfg = Release|iPhoneSimulator
		{D038ABCD-2F80-40E7-98F0-59E1F95EB142}.Release|iPhoneSimulator.Build.0 = Release|iPhoneSimulator
		{D038ABCD-2F80-40E7-98F0-59E1F95EB142}.Release|iPhoneSimulator.Deploy.0 = Release|iPhoneSimulator
		{8903BCE6-FC93-4479-BD2D-5D9334E47111}.Ad-Hoc|Any CPU.ActiveCfg = Debug|Any CPU
		{8903BCE6-FC93-4479-BD2D-5D9334E47111}.Ad-Hoc|Any CPU.Build.0 = Debug|Any CPU
		{8903BCE6-FC93-4479-BD2D-5D9334E47111}.Ad-Hoc|Any CPU.Deploy.0 = Debug|Any CPU
		{8903BCE6-FC93-4479-BD2D-5D9334E47111}.Ad-Hoc|iPhone.ActiveCfg = Debug|Any CPU
		{8903BCE6-FC93-4479-BD2D-5D9334E47111}.Ad-Hoc|iPhone.Build.0 = Debug|Any CPU
		{8903BCE6-FC93-4479-BD2D-5D9334E47111}.Ad-Hoc|iPhone.Deploy.0 = Debug|Any CPU
		{8903BCE6-FC93-4479-BD2D-5D9334E47111}.Ad-Hoc|iPhoneSimulator.ActiveCfg = Debug|Any CPU
		{8903BCE6-FC93-4479-BD2D-5D9334E47111}.Ad-Hoc|iPhoneSimulator.Build.0 = Debug|Any CPU
		{8903BCE6-FC93-4479-BD2D-5D9334E47111}.Ad-Hoc|iPhoneSimulator.Deploy.0 = Debug|Any CPU
		{8903BCE6-FC93-4479-BD2D-5D9334E47111}.AppStore|Any CPU.ActiveCfg = Debug|Any CPU
		{8903BCE6-FC93-4479-BD2D-5D9334E47111}.AppStore|Any CPU.Build.0 = Debug|Any CPU
		{8903BCE6-FC93-4479-BD2D-5D9334E47111}.AppStore|Any CPU.Deploy.0 = Debug|Any CPU
		{8903BCE6-FC93-4479-BD2D-5D9334E47111}.AppStore|iPhone.ActiveCfg = Debug|Any CPU
		{8903BCE6-FC93-4479-BD2D-5D9334E47111}.AppStore|iPhone.Build.0 = Debug|Any CPU
		{8903BCE6-FC93-4479-BD2D-5D9334E47111}.AppStore|iPhone.Deploy.0 = Debug|Any CPU
		{8903BCE6-FC93-4479-BD2D-5D9334E47111}.AppStore|iPhoneSimulator.ActiveCfg = Debug|Any CPU
		{8903BCE6-FC93-4479-BD2D-5D9334E47111}.AppStore|iPhoneSimulator.Build.0 = Debug|Any CPU
		{8903BCE6-FC93-4479-BD2D-5D9334E47111}.AppStore|iPhoneSimulator.Deploy.0 = Debug|Any CPU
		{8903BCE6-FC93-4479-BD2D-5D9334E47111}.Debug|Any CPU.ActiveCfg = Debug|Any CPU
		{8903BCE6-FC93-4479-BD2D-5D9334E47111}.Debug|Any CPU.Build.0 = Debug|Any CPU
		{8903BCE6-FC93-4479-BD2D-5D9334E47111}.Debug|Any CPU.Deploy.0 = Debug|Any CPU
		{8903BCE6-FC93-4479-BD2D-5D9334E47111}.Debug|iPhone.ActiveCfg = Debug|Any CPU
		{8903BCE6-FC93-4479-BD2D-5D9334E47111}.Debug|iPhone.Build.0 = Debug|Any CPU
		{8903BCE6-FC93-4479-BD2D-5D9334E47111}.Debug|iPhone.Deploy.0 = Debug|Any CPU
		{8903BCE6-FC93-4479-BD2D-5D9334E47111}.Debug|iPhoneSimulator.ActiveCfg = Debug|Any CPU
		{8903BCE6-FC93-4479-BD2D-5D9334E47111}.Debug|iPhoneSimulator.Build.0 = Debug|Any CPU
		{8903BCE6-FC93-4479-BD2D-5D9334E47111}.Debug|iPhoneSimulator.Deploy.0 = Debug|Any CPU
		{8903BCE6-FC93-4479-BD2D-5D9334E47111}.Release|Any CPU.ActiveCfg = Release|Any CPU
		{8903BCE6-FC93-4479-BD2D-5D9334E47111}.Release|Any CPU.Build.0 = Release|Any CPU
		{8903BCE6-FC93-4479-BD2D-5D9334E47111}.Release|Any CPU.Deploy.0 = Release|Any CPU
		{8903BCE6-FC93-4479-BD2D-5D9334E47111}.Release|iPhone.ActiveCfg = Release|Any CPU
		{8903BCE6-FC93-4479-BD2D-5D9334E47111}.Release|iPhone.Build.0 = Release|Any CPU
		{8903BCE6-FC93-4479-BD2D-5D9334E47111}.Release|iPhone.Deploy.0 = Release|Any CPU
		{8903BCE6-FC93-4479-BD2D-5D9334E47111}.Release|iPhoneSimulator.ActiveCfg = Release|Any CPU
		{8903BCE6-FC93-4479-BD2D-5D9334E47111}.Release|iPhoneSimulator.Build.0 = Release|Any CPU
		{8903BCE6-FC93-4479-BD2D-5D9334E47111}.Release|iPhoneSimulator.Deploy.0 = Release|Any CPU
	EndGlobalSection
	GlobalSection(SolutionProperties) = preSolution
		HideSolutionNode = FALSE
	EndGlobalSection
	GlobalSection(ExtensibilityGlobals) = postSolution
		SolutionGuid = {1799A507-71EE-416A-BE3B-77609D66A396}
	EndGlobalSection
EndGlobal
